
Microsoft Visual Studio Solution File, Format Version 12.00
# Visual Studio Version 17
VisualStudioVersion = 17.0.32126.317
MinimumVisualStudioVersion = 10.0.40219.1
Project("{FAE04EC0-301F-11D3-BF4B-00C04F79EFBC}") = "IsseiMail2", "IsseiMail2\IsseiMail2.csproj", "{F273C319-7CD3-400A-B042-E8A30D72D1F6}"
EndProject
Global
	GlobalSection(SolutionConfigurationPlatforms) = preSolution
		Debug|Any CPU = Debug|Any CPU
		Release|Any CPU = Release|Any CPU
	EndGlobalSection
	GlobalSection(ProjectConfigurationPlatforms) = postSolution
		{F273C319-7CD3-400A-B042-E8A30D72D1F6}.Debug|Any CPU.ActiveCfg = Debug|Any CPU
		{F273C319-7CD3-400A-B042-E8A30D72D1F6}.Debug|Any CPU.Build.0 = Debug|Any CPU
		{F273C319-7CD3-400A-B042-E8A30D72D1F6}.Release|Any CPU.ActiveCfg = Release|Any CPU
		{F273C319-7CD3-400A-B042-E8A30D72D1F6}.Release|Any CPU.Build.0 = Release|Any CPU
	EndGlobalSection
	GlobalSection(SolutionProperties) = preSolution
		HideSolutionNode = FALSE
	EndGlobalSection
	GlobalSection(ExtensibilityGlobals) = postSolution
		SolutionGuid = {02E997E4-D617-4E89-9B35-5D2462865D39}
	EndGlobalSection
EndGlobal
